
Microsoft Visual Studio Solution File, Format Version 12.00
# Visual Studio 15
VisualStudioVersion = 15.0.26430.12
MinimumVisualStudioVersion = 10.0.40219.1
Project("{FAE04EC0-301F-11D3-BF4B-00C04F79EFBC}") = "cellular-automata", "cellular-automata\cellular-automata.csproj", "{72DC0830-4E8F-4511-9A4E-39AFA1301565}"
EndProject
Project("{FAE04EC0-301F-11D3-BF4B-00C04F79EFBC}") = "CellularAutomata", "CellularAutomata\CellularAutomata.csproj", "{F3A5257B-7D62-492E-9609-8F0C8004E522}"
EndProject
Global
	GlobalSection(SolutionConfigurationPlatforms) = preSolution
		Debug|Any CPU = Debug|Any CPU
		Release|Any CPU = Release|Any CPU
	EndGlobalSection
	GlobalSection(ProjectConfigurationPlatforms) = postSolution
		{72DC0830-4E8F-4511-9A4E-39AFA1301565}.Debug|Any CPU.ActiveCfg = Debug|Any CPU
		{72DC0830-4E8F-4511-9A4E-39AFA1301565}.Debug|Any CPU.Build.0 = Debug|Any CPU
		{72DC0830-4E8F-4511-9A4E-39AFA1301565}.Release|Any CPU.ActiveCfg = Release|Any CPU
		{72DC0830-4E8F-4511-9A4E-39AFA1301565}.Release|Any CPU.Build.0 = Release|Any CPU
		{F3A5257B-7D62-492E-9609-8F0C8004E522}.Debug|Any CPU.ActiveCfg = Debug|Any CPU
		{F3A5257B-7D62-492E-9609-8F0C8004E522}.Debug|Any CPU.Build.0 = Debug|Any CPU
		{F3A5257B-7D62-492E-9609-8F0C8004E522}.Release|Any CPU.ActiveCfg = Release|Any CPU
		{F3A5257B-7D62-492E-9609-8F0C8004E522}.Release|Any CPU.Build.0 = Release|Any CPU
	EndGlobalSection
	GlobalSection(SolutionProperties) = preSolution
		HideSolutionNode = FALSE
	EndGlobalSection
EndGlobal
